github.com/klauspost/cpuid/v2 v2.0.6 h1:dQ5ueTiftKxp0gyjKSx5+8BtPWkyQbd95m8Gys/RarI=
github.com/klauspost/cpuid/v2 v2.0.6/go.mod h1:FInQzS24/EEf25PyTYn52gqo7WaD8xa0213Md/qVLRg=
github.com/klauspost/reedsolomon v1.9.13 h1:Xr0COKf7F0ACTXUNnz2ZFCWlUKlUTAUX3y7BODdUxqU=
github.com/klauspost/reedsolomon v1.9.13/go.mod h1:eqPAcE7xar5CIzcdfwydOEdcmchAKAP/qs14y4GCBOk=
github.com/streadway/amqp v1.0.0 h1:kuuDrUJFZL1QYL9hUNuCxNObNzB0bV/ZG5jV3RWAQgo=
github.com/streadway/amqp v1.0.0/go.mod h1:AZpEONHx3DKn8O/DFsRAY58/XVQiIPMTMB1SddzLXVw=
